// !$*UTF8*$!
{
	archiveVersion = 1;
	classes = {
	};
	objectVersion = 50;
	objects = {

/* Begin PBXBuildFile section */
		8C5C84EE212A59EE0057C98E /* AppDelegate.m in Sources */ = {isa = PBXBuildFile; fileRef = 8C5C84ED212A59EE0057C98E /* AppDelegate.m */; };
		8C5C84F1212A59EE0057C98E /* ViewController.m in Sources */ = {isa = PBXBuildFile; fileRef = 8C5C84F0212A59EE0057C98E /* ViewController.m */; };
		8C5C84F4212A59EE0057C98E /* Main.storyboard in Resources */ = {isa = PBXBuildFile; fileRef = 8C5C84F2212A59EE0057C98E /* Main.storyboard */; };
		8C5C84F6212A59EF0057C98E /* Assets.xcassets in Resources */ = {isa = PBXBuildFile; fileRef = 8C5C84F5212A59EF0057C98E /* Assets.xcassets */; };
		8C5C84F9212A59EF0057C98E /* LaunchScreen.storyboard in Resources */ = {isa = PBXBuildFile; fileRef = 8C5C84F7212A59EF0057C98E /* LaunchScreen.storyboard */; };
		8C5C84FC212A59EF0057C98E /* main.m in Sources */ = {isa = PBXBuildFile; fileRef = 8C5C84FB212A59EF0057C98E /* main.m */; };
		8C5C854F212A6AEC0057C98E /* App.framework in Frameworks */ = {isa = PBXBuildFile; fileRef = 8C5C8541212A6AEC0057C98E /* App.framework */; };
		8C5C8558212A6AEC0057C98E /* Flutter.framework in Frameworks */ = {isa = PBXBuildFile; fileRef = 8C5C854D212A6AEC0057C98E /* Flutter.framework */; };
		8C5C856D212A6B290057C98E /* flutter_assets in Resources */ = {isa = PBXBuildFile; fileRef = 8C5C856C212A6B290057C98E /* flutter_assets */; };
		8C5C856F212A6B6E0057C98E /* App.framework in Embed Frameworks */ = {isa = PBXBuildFile; fileRef = 8C5C8541212A6AEC0057C98E /* App.framework */; settings = {ATTRIBUTES = (CodeSignOnCopy, RemoveHeadersOnCopy, ); }; };
		8C5C8572212A6B710057C98E /* Flutter.framework in Embed Frameworks */ = {isa = PBXBuildFile; fileRef = 8C5C854D212A6AEC0057C98E /* Flutter.framework */; settings = {ATTRIBUTES = (CodeSignOnCopy, RemoveHeadersOnCopy, ); }; };
/* End PBXBuildFile section */

/* Begin PBXCopyFilesBuildPhase section */
		8C5C8570212A6B6E0057C98E /* Embed Frameworks */ = {
			isa = PBXCopyFilesBuildPhase;
			buildActionMask = 2147483647;
			dstPath = "";
			dstSubfolderSpec = 10;
			files = (
				8C5C856F212A6B6E0057C98E /* App.framework in Embed Frameworks */,
				8C5C8572212A6B710057C98E /* Flutter.framework in Embed Frameworks */,
			);
			name = "Embed Frameworks";
			runOnlyForDeploymentPostprocessing = 0;
		};
/* End PBXCopyFilesBuildPhase section */

/* Begin PBXFileReference section */
		8C5C84E9212A59EE0057C98E /* HybridIOS.app */ = {isa = PBXFileReference; explicitFileType = wrapper.application; includeInIndex = 0; path = HybridIOS.app; sourceTree = BUILT_PRODUCTS_DIR; };
		8C5C84EC212A59EE0057C98E /* AppDelegate.h */ = {isa = PBXFileReference; lastKnownFileType = sourcecode.c.h; path = AppDelegate.h; sourceTree = "<group>"; };
		8C5C84ED212A59EE0057C98E /* AppDelegate.m */ = {isa = PBXFileReference; lastKnownFileType = sourcecode.c.objc; path = AppDelegate.m; sourceTree = "<group>"; };
		8C5C84EF212A59EE0057C98E /* ViewController.h */ = {isa = PBXFileReference; lastKnownFileType = sourcecode.c.h; path = ViewController.h; sourceTree = "<group>"; };
		8C5C84F0212A59EE0057C98E /* ViewController.m */ = {isa = PBXFileReference; lastKnownFileType = sourcecode.c.objc; path = ViewController.m; sourceTree = "<group>"; };
		8C5C84F3212A59EE0057C98E /* Base */ = {isa = PBXFileReference; lastKnownFileType = file.storyboard; name = Base; path = Base.lproj/Main.storyboard; sourceTree = "<group>"; };
		8C5C84F5212A59EF0057C98E /* Assets.xcassets */ = {isa = PBXFileReference; lastKnownFileType = folder.assetcatalog; path = Assets.xcassets; sourceTree = "<group>"; };
		8C5C84F8212A59EF0057C98E /* Base */ = {isa = PBXFileReference; lastKnownFileType = file.storyboard; name = Base; path = Base.lproj/LaunchScreen.storyboard; sourceTree = "<group>"; };
		8C5C84FA212A59EF0057C98E /* Info.plist */ = {isa = PBXFileReference; lastKnownFileType = text.plist.xml; path = Info.plist; sourceTree = "<group>"; };
		8C5C84FB212A59EF0057C98E /* main.m */ = {isa = PBXFileReference; lastKnownFileType = sourcecode.c.objc; path = main.m; sourceTree = "<group>"; };
		8C5C8507212A66380057C98E /* Debug.xcconfig */ = {isa = PBXFileReference; lastKnownFileType = text.xcconfig; path = Debug.xcconfig; sourceTree = "<group>"; };
		8C5C8541212A6AEC0057C98E /* App.framework */ = {isa = PBXFileReference; lastKnownFileType = wrapper.framework; path = App.framework; sourceTree = "<group>"; };
		8C5C854D212A6AEC0057C98E /* Flutter.framework */ = {isa = PBXFileReference; lastKnownFileType = wrapper.framework; path = Flutter.framework; sourceTree = "<group>"; };
		8C5C854E212A6AEC0057C98E /* Flutter.podspec */ = {isa = PBXFileReference; fileEncoding = 4; lastKnownFileType = text; path = Flutter.podspec; sourceTree = "<group>"; };
		8C5C855B212A6B070057C98E /* LICENSE */ = {isa = PBXFileReference; fileEncoding = 4; lastKnownFileType = text; path = LICENSE; sourceTree = "<group>"; };
		8C5C855C212A6B070057C98E /* vm_snapshot_data */ = {isa = PBXFileReference; lastKnownFileType = file; path = vm_snapshot_data; sourceTree = "<group>"; };
		8C5C855D212A6B070057C98E /* isolate_snapshot_data */ = {isa = PBXFileReference; lastKnownFileType = file; path = isolate_snapshot_data; sourceTree = "<group>"; };
		8C5C855E212A6B070057C98E /* AssetManifest.json */ = {isa = PBXFileReference; fileEncoding = 4; lastKnownFileType = text.json; path = AssetManifest.json; sourceTree = "<group>"; };
		8C5C855F212A6B070057C98E /* kernel_blob.bin */ = {isa = PBXFileReference; lastKnownFileType = archive.macbinary; path = kernel_blob.bin; sourceTree = "<group>"; };
		8C5C8560212A6B070057C98E /* FontManifest.json */ = {isa = PBXFileReference; fileEncoding = 4; lastKnownFileType = text.json; path = FontManifest.json; sourceTree = "<group>"; };
		8C5C8561212A6B070057C98E /* platform_strong.dill */ = {isa = PBXFileReference; lastKnownFileType = file; path = platform_strong.dill; sourceTree = "<group>"; };
		8C5C8563212A6B070057C98E /* MaterialIcons-Regular.ttf */ = {isa = PBXFileReference; lastKnownFileType = file; path = "MaterialIcons-Regular.ttf"; sourceTree = "<group>"; };
		8C5C856C212A6B290057C98E /* flutter_assets */ = {isa = PBXFileReference; lastKnownFileType = folder; name = flutter_assets; path = Flutter/flutter_assets; sourceTree = "<group>"; };
/* End PBXFileReference section */

/* Begin PBXFrameworksBuildPhase section */
		8C5C84E6212A59EE0057C98E /* Frameworks */ = {
			isa = PBXFrameworksBuildPhase;
			buildActionMask = 2147483647;
			files = (
				8C5C854F212A6AEC0057C98E /* App.framework in Frameworks */,
				8C5C8558212A6AEC0057C98E /* Flutter.framework in Frameworks */,
			);
			runOnlyForDeploymentPostprocessing = 0;
		};
/* End PBXFrameworksBuildPhase section */

/* Begin PBXGroup section */
		8C5C84E0212A59EE0057C98E = {
			isa = PBXGroup;
			children = (
				8C5C856C212A6B290057C98E /* flutter_assets */,
				8C5C8540212A6AEC0057C98E /* Flutter */,
				8C5C84EB212A59EE0057C98E /* HybridIOS */,
				8C5C84EA212A59EE0057C98E /* Products */,
			);
			sourceTree = "<group>";
		};
		8C5C84EA212A59EE0057C98E /* Products */ = {
			isa = PBXGroup;
			children = (
				8C5C84E9212A59EE0057C98E /* HybridIOS.app */,
			);
			name = Products;
			sourceTree = "<group>";
		};
		8C5C84EB212A59EE0057C98E /* HybridIOS */ = {
			isa = PBXGroup;
			children = (
				8C5C84EC212A59EE0057C98E /* AppDelegate.h */,
				8C5C84ED212A59EE0057C98E /* AppDelegate.m */,
				8C5C84EF212A59EE0057C98E /* ViewController.h */,
				8C5C84F0212A59EE0057C98E /* ViewController.m */,
				8C5C84F2212A59EE0057C98E /* Main.storyboard */,
				8C5C84F5212A59EF0057C98E /* Assets.xcassets */,
				8C5C84F7212A59EF0057C98E /* LaunchScreen.storyboard */,
				8C5C84FA212A59EF0057C98E /* Info.plist */,
				8C5C84FB212A59EF0057C98E /* main.m */,
				8C5C8507212A66380057C98E /* Debug.xcconfig */,
			);
			path = HybridIOS;
			sourceTree = "<group>";
		};
		8C5C8540212A6AEC0057C98E /* Flutter */ = {
			isa = PBXGroup;
			children = (
				8C5C855A212A6B070057C98E /* flutter_assets */,
				8C5C8541212A6AEC0057C98E /* App.framework */,
				8C5C854C212A6AEC0057C98E /* engine */,
			);
			path = Flutter;
			sourceTree = "<group>";
		};
		8C5C854C212A6AEC0057C98E /* engine */ = {
			isa = PBXGroup;
			children = (
				8C5C854D212A6AEC0057C98E /* Flutter.framework */,
				8C5C854E212A6AEC0057C98E /* Flutter.podspec */,
			);
			path = engine;
			sourceTree = "<group>";
		};
		8C5C855A212A6B070057C98E /* flutter_assets */ = {
			isa = PBXGroup;
			children = (
				8C5C855B212A6B070057C98E /* LICENSE */,
				8C5C855C212A6B070057C98E /* vm_snapshot_data */,
				8C5C855D212A6B070057C98E /* isolate_snapshot_data */,
				8C5C855E212A6B070057C98E /* AssetManifest.json */,
				8C5C855F212A6B070057C98E /* kernel_blob.bin */,
				8C5C8560212A6B070057C98E /* FontManifest.json */,
				8C5C8561212A6B070057C98E /* platform_strong.dill */,
				8C5C8562212A6B070057C98E /* fonts */,
			);
			path = flutter_assets;
			sourceTree = "<group>";
		};
		8C5C8562212A6B070057C98E /* fonts */ = {
			isa = PBXGroup;
			children = (
				8C5C8563212A6B070057C98E /* MaterialIcons-Regular.ttf */,
			);
			path = fonts;
			sourceTree = "<group>";
		};
/* End PBXGroup section */

/* Begin PBXNativeTarget section */
		8C5C84E8212A59EE0057C98E /* HybridIOS */ = {
			isa = PBXNativeTarget;
			buildConfigurationList = 8C5C84FF212A59EF0057C98E /* Build configuration list for PBXNativeTarget "HybridIOS" */;
			buildPhases = (
				8C5C8506212A643C0057C98E /* ShellScript */,
				8C5C84E5212A59EE0057C98E /* Sources */,
				8C5C84E6212A59EE0057C98E /* Frameworks */,
				8C5C84E7212A59EE0057C98E /* Resources */,
				8C5C8570212A6B6E0057C98E /* Embed Frameworks */,
			);
			buildRules = (
			);
			dependencies = (
			);
			name = HybridIOS;
			productName = HybridIOS;
			productReference = 8C5C84E9212A59EE0057C98E /* HybridIOS.app */;
			productType = "com.apple.product-type.application";
		};
/* End PBXNativeTarget section */

/* Begin PBXProject section */
		8C5C84E1212A59EE0057C98E /* Project object */ = {
			isa = PBXProject;
			attributes = {
				LastUpgradeCheck = 0940;
				ORGANIZATIONNAME = Realank;
				TargetAttributes = {
					8C5C84E8212A59EE0057C98E = {
						CreatedOnToolsVersion = 9.4.1;
					};
				};
			};
			buildConfigurationList = 8C5C84E4212A59EE0057C98E /* Build configuration list for PBXProject "HybridIOS" */;
			compatibilityVersion = "Xcode 9.3";
			developmentRegion = en;
			hasScannedForEncodings = 0;
			knownRegions = (
				en,
				Base,
			);
			mainGroup = 8C5C84E0212A59EE0057C98E;
			productRefGroup = 8C5C84EA212A59EE0057C98E /* Products */;
			projectDirPath = "";
			projectRoot = "";
			targets = (
				8C5C84E8212A59EE0057C98E /* HybridIOS */,
			);
		};
/* End PBXProject section */

/* Begin PBXResourcesBuildPhase section */
		8C5C84E7212A59EE0057C98E /* Resources */ = {
			isa = PBXResourcesBuildPhase;
			buildActionMask = 2147483647;
			files = (
				8C5C856D212A6B290057C98E /* flutter_assets in Resources */,
				8C5C84F9212A59EF0057C98E /* LaunchScreen.storyboard in Resources */,
				8C5C84F6212A59EF0057C98E /* Assets.xcassets in Resources */,
				8C5C84F4212A59EE0057C98E /* Main.storyboard in Resources */,
			);
			runOnlyForDeploymentPostprocessing = 0;
		};
/* End PBXResourcesBuildPhase section */

/* Begin PBXShellScriptBuildPhase section */
		8C5C8506212A643C0057C98E /* ShellScript */ = {
			isa = PBXShellScriptBuildPhase;
			buildActionMask = 2147483647;
			files = (
			);
			inputPaths = (
			);
			outputPaths = (
			);
			runOnlyForDeploymentPostprocessing = 0;
			shellPath = /bin/sh;
			shellScript = "\"$FLUTTER_ROOT/packages/flutter_tools/bin/xcode_backend.sh\" build";
		};
/* End PBXShellScriptBuildPhase section */

/* Begin PBXSourcesBuildPhase section */
		8C5C84E5212A59EE0057C98E /* Sources */ = {
			isa = PBXSourcesBuildPhase;
			buildActionMask = 2147483647;
			files = (
				8C5C84F1212A59EE0057C98E /* ViewController.m in Sources */,
				8C5C84FC212A59EF0057C98E /* main.m in Sources */,
				8C5C84EE212A59EE0057C98E /* AppDelegate.m in Sources */,
			);
			runOnlyForDeploymentPostprocessing = 0;
		};
/* End PBXSourcesBuildPhase section */

/* Begin PBXVariantGroup section */
		8C5C84F2212A59EE0057C98E /* Main.storyboard */ = {
			isa = PBXVariantGroup;
			children = (
				8C5C84F3212A59EE0057C98E /* Base */,
			);
			name = Main.storyboard;
			sourceTree = "<group>";
		};
		8C5C84F7212A59EF0057C98E /* LaunchScreen.storyboard */ = {
			isa = PBXVariantGroup;
			children = (
				8C5C84F8212A59EF0057C98E /* Base */,
			);
			name = LaunchScreen.storyboard;
			sourceTree = "<group>";
		};
/* End PBXVariantGroup section */

/* Begin XCBuildConfiguration section */
		8C5C84FD212A59EF0057C98E /* Debug */ = {
			isa = XCBuildConfiguration;
			baseConfigurationReference = 8C5C8507212A66380057C98E /* Debug.xcconfig */;
			buildSettings = {
				ALWAYS_SEARCH_USER_PATHS = NO;
				CLANG_ANALYZER_NONNULL = YES;
				CLANG_ANALYZER_NUMBER_OBJECT_CONVERSION = YES_AGGRESSIVE;
				CLANG_CXX_LANGUAGE_STANDARD = "gnu++14";
				CLANG_CXX_LIBRARY = "libc++";
				CLANG_ENABLE_MODULES = YES;
				CLANG_ENABLE_OBJC_ARC = YES;
				CLANG_ENABLE_OBJC_WEAK = YES;
				CLANG_WARN_BLOCK_CAPTURE_AUTORELEASING = YES;
				CLANG_WARN_BOOL_CONVERSION = YES;
				CLANG_WARN_COMMA = YES;
				CLANG_WARN_CONSTANT_CONVERSION = YES;
				CLANG_WARN_DEPRECATED_OBJC_IMPLEMENTATIONS = YES;
				CLANG_WARN_DIRECT_OBJC_ISA_USAGE = YES_ERROR;
				CLANG_WARN_DOCUMENTATION_COMMENTS = YES;
				CLANG_WARN_EMPTY_BODY = YES;
				CLANG_WARN_ENUM_CONVERSION = YES;
				CLANG_WARN_INFINITE_RECURSION = YES;
				CLANG_WARN_INT_CONVERSION = YES;
				CLANG_WARN_NON_LITERAL_NULL_CONVERSION = YES;
				CLANG_WARN_OBJC_IMPLICIT_RETAIN_SELF = YES;
				CLANG_WARN_OBJC_LITERAL_CONVERSION = YES;
				CLANG_WARN_OBJC_ROOT_CLASS = YES_ERROR;
				CLANG_WARN_RANGE_LOOP_ANALYSIS = YES;
				CLANG_WARN_STRICT_PROTOTYPES = YES;
				CLANG_WARN_SUSPICIOUS_MOVE = YES;
				CLANG_WARN_UNGUARDED_AVAILABILITY = YES_AGGRESSIVE;
				CLANG_WARN_UNREACHABLE_CODE = YES;
				CLANG_WARN__DUPLICATE_METHOD_MATCH = YES;
				CODE_SIGN_IDENTITY = "iPhone Developer";
				COPY_PHASE_STRIP = NO;
				DEBUG_INFORMATION_FORMAT = dwarf;
				ENABLE_STRICT_OBJC_MSGSEND = YES;
				ENABLE_TESTABILITY = YES;
				GCC_C_LANGUAGE_STANDARD = gnu11;
				GCC_DYNAMIC_NO_PIC = NO;
				GCC_NO_COMMON_BLOCKS = YES;
				GCC_OPTIMIZATION_LEVEL = 0;
				GCC_PREPROCESSOR_DEFINITIONS = (
					"DEBUG=1",
					"$(inherited)",
				);
				GCC_WARN_64_TO_32_BIT_CONVERSION = YES;
				GCC_WARN_ABOUT_RETURN_TYPE = YES_ERROR;
				GCC_WARN_UNDECLARED_SELECTOR = YES;
				GCC_WARN_UNINITIALIZED_AUTOS = YES_AGGRESSIVE;
				GCC_WARN_UNUSED_FUNCTION = YES;
				GCC_WARN_UNUSED_VARIABLE = YES;
				IPHONEOS_DEPLOYMENT_TARGET = 11.4;
				MTL_ENABLE_DEBUG_INFO = YES;
				ONLY_ACTIVE_ARCH = YES;
				SDKROOT = iphoneos;
			};
			name = Debug;
		};
		8C5C84FE212A59EF0057C98E /* Release */ = {
			isa = XCBuildConfiguration;
			baseConfigurationReference = 8C5C8507212A66380057C98E /* Debug.xcconfig */;
			buildSettings = {
				ALWAYS_SEARCH_USER_PATHS = NO;
				CLANG_ANALYZER_NONNULL = YES;
				CLANG_ANALYZER_NUMBER_OBJECT_CONVERSION = YES_AGGRESSIVE;
				CLANG_CXX_LANGUAGE_STANDARD = "gnu++14";
				CLANG_CXX_LIBRARY = "libc++";
				CLANG_ENABLE_MODULES = YES;
				CLANG_ENABLE_OBJC_ARC = YES;
				CLANG_ENABLE_OBJC_WEAK = YES;
				CLANG_WARN_BLOCK_CAPTURE_AUTORELEASING = YES;
				CLANG_WARN_BOOL_CONVERSION = YES;
				CLANG_WARN_COMMA = YES;
				CLANG_WARN_CONSTANT_CONVERSION = YES;
				CLANG_WARN_DEPRECATED_OBJC_IMPLEMENTATIONS = YES;
				CLANG_WARN_DIRECT_OBJC_ISA_USAGE = YES_ERROR;
				CLANG_WARN_DOCUMENTATION_COMMENTS = YES;
				CLANG_WARN_EMPTY_BODY = YES;
				CLANG_WARN_ENUM_CONVERSION = YES;
				CLANG_WARN_INFINITE_RECURSION = YES;
				CLANG_WARN_INT_CONVERSION = YES;
				CLANG_WARN_NON_LITERAL_NULL_CONVERSION = YES;
				CLANG_WARN_OBJC_IMPLICIT_RETAIN_SELF = YES;
				CLANG_WARN_OBJC_LITERAL_CONVERSION = YES;
				CLANG_WARN_OBJC_ROOT_CLASS = YES_ERROR;
				CLANG_WARN_RANGE_LOOP_ANALYSIS = YES;
				CLANG_WARN_STRICT_PROTOTYPES = YES;
				CLANG_WARN_SUSPICIOUS_MOVE = YES;
				CLANG_WARN_UNGUARDED_AVAILABILITY = YES_AGGRESSIVE;
				CLANG_WARN_UNREACHABLE_CODE = YES;
				CLANG_WARN__DUPLICATE_METHOD_MATCH = YES;
				CODE_SIGN_IDENTITY = "iPhone Developer";
				COPY_PHASE_STRIP = NO;
				DEBUG_INFORMATION_FORMAT = "dwarf-with-dsym";
				ENABLE_NS_ASSERTIONS = NO;
				ENABLE_STRICT_OBJC_MSGSEND = YES;
				GCC_C_LANGUAGE_STANDARD = gnu11;
				GCC_NO_COMMON_BLOCKS = YES;
				GCC_WARN_64_TO_32_BIT_CONVERSION = YES;
				GCC_WARN_ABOUT_RETURN_TYPE = YES_ERROR;
				GCC_WARN_UNDECLARED_SELECTOR = YES;
				GCC_WARN_UNINITIALIZED_AUTOS = YES_AGGRESSIVE;
				GCC_WARN_UNUSED_FUNCTION = YES;
				GCC_WARN_UNUSED_VARIABLE = YES;
				IPHONEOS_DEPLOYMENT_TARGET = 11.4;
				MTL_ENABLE_DEBUG_INFO = NO;
				SDKROOT = iphoneos;
				VALIDATE_PRODUCT = YES;
			};
			name = Release;
		};
		8C5C8500212A59EF0057C98E /* Debug */ = {
			isa = XCBuildConfiguration;
			buildSettings = {
				ASSETCATALOG_COMPILER_APPICON_NAME = AppIcon;
				CODE_SIGN_STYLE = Automatic;
				DEVELOPMENT_TEAM = 275X96KVEB;
				ENABLE_BITCODE = NO;
				FRAMEWORK_SEARCH_PATHS = (
					"$(inherited)",
					"$(PROJECT_DIR)/Flutter",
					"$(PROJECT_DIR)/Flutter/engine",
				);
				INFOPLIST_FILE = HybridIOS/Info.plist;
				LD_RUNPATH_SEARCH_PATHS = (
					"$(inherited)",
					"@executable_path/Frameworks",
				);
				PRODUCT_BUNDLE_IDENTIFIER = com.realank.HybridIOS;
				PRODUCT_NAME = "$(TARGET_NAME)";
				TARGETED_DEVICE_FAMILY = "1,2";
			};
			name = Debug;
		};
		8C5C8501212A59EF0057C98E /* Release */ = {
			isa = XCBuildConfiguration;
			buildSettings = {
				ASSETCATALOG_COMPILER_APPICON_NAME = AppIcon;
				CODE_SIGN_STYLE = Automatic;
				DEVELOPMENT_TEAM = 275X96KVEB;
				ENABLE_BITCODE = NO;
				FRAMEWORK_SEARCH_PATHS = (
					"$(inherited)",
					"$(PROJECT_DIR)/Flutter",
					"$(PROJECT_DIR)/Flutter/engine",
				);
				INFOPLIST_FILE = HybridIOS/Info.plist;
				LD_RUNPATH_SEARCH_PATHS = (
					"$(inherited)",
					"@executable_path/Frameworks",
				);
				PRODUCT_BUNDLE_IDENTIFIER = com.realank.HybridIOS;
				PRODUCT_NAME = "$(TARGET_NAME)";
				TARGETED_DEVICE_FAMILY = "1,2";
			};
			name = Release;
		};
/* End XCBuildConfiguration section */

/* Begin XCConfigurationList section */
		8C5C84E4212A59EE0057C98E /* Build configuration list for PBXProject "HybridIOS" */ = {
			isa = XCConfigurationList;
			buildConfigurations = (
				8C5C84FD212A59EF0057C98E /* Debug */,
				8C5C84FE212A59EF0057C98E /* Release */,
			);
			defaultConfigurationIsVisible = 0;
			defaultConfigurationName = Release;
		};
		8C5C84FF212A59EF0057C98E /* Build configuration list for PBXNativeTarget "HybridIOS" */ = {
			isa = XCConfigurationList;
			buildConfigurations = (
				8C5C8500212A59EF0057C98E /* Debug */,
				8C5C8501212A59EF0057C98E /* Release */,
			);
			defaultConfigurationIsVisible = 0;
			defaultConfigurationName = Release;
		};
/* End XCConfigurationList section */
	};
	rootObject = 8C5C84E1212A59EE0057C98E /* Project object */;
}
